{
    "_readme": [
        "This file locks the dependencies of your project to a known state",
        "Read more about it at https://getcomposer.org/doc/01-basic-usage.md#installing-dependencies",
        "This file is @generated automatically"
    ],
    "content-hash": "9cb0ca31e9669b44550eb2d7d3b3996c",
    "packages": [
        {
            "name": "ifsnop/mysqldump-php",
            "version": "v2.11",
            "source": {
                "type": "git",
                "url": "https://github.com/ifsnop/mysqldump-php.git",
                "reference": "ec6a777062b287cd25cb1cd916b3d14c595ebdb8"
            },
            "dist": {
                "type": "zip",
                "url": "https://api.github.com/repos/ifsnop/mysqldump-php/zipball/ec6a777062b287cd25cb1cd916b3d14c595ebdb8",
                "reference": "ec6a777062b287cd25cb1cd916b3d14c595ebdb8",
                "shasum": ""
            },
            "require": {
                "php": ">=5.3.0"
            },
            "require-dev": {
                "phpunit/phpunit": "4.8.36",
                "squizlabs/php_codesniffer": "1.*"
            },
            "type": "library",
            "autoload": {
                "psr-4": {
                    "Ifsnop\\": "src/Ifsnop/"
                }
            },
            "notification-url": "https://packagist.org/downloads/",
            "license": [
                "GPL-3.0-or-later"
            ],
            "authors": [
                {
                    "name": "Diego Torres",
                    "homepage": "https://github.com/ifsnop",
                    "role": "Developer"
                }
            ],
            "description": "PHP version of mysqldump cli that comes with MySQL",
            "homepage": "https://github.com/ifsnop/mysqldump-php",
            "keywords": [
                "PHP7",
                "database",
                "hhvm",
                "mariadb",
                "mysql",
                "mysql-backup",
                "mysqldump",
                "pdo",
                "php",
                "php5",
                "sql"
            ],
            "support": {
                "issues": "https://github.com/ifsnop/mysqldump-php/issues",
                "source": "https://github.com/ifsnop/mysqldump-php/tree/v2.11"
            },
            "time": "2023-03-18T00:37:42+00:00"
        },
        {
            "name": "pilulka/mysql2sqlite",
            "version": "dev-master",
            "source": {
                "type": "git",
                "url": "https://github.com/PilulkaDistribuce/mysql2sqlite.git",
                "reference": "caf503eed98f5b2d8b3460e131b89d03bca8d0a1"
            },
            "dist": {
                "type": "zip",
                "url": "https://api.github.com/repos/PilulkaDistribuce/mysql2sqlite/zipball/caf503eed98f5b2d8b3460e131b89d03bca8d0a1",
                "reference": "caf503eed98f5b2d8b3460e131b89d03bca8d0a1",
                "shasum": ""
            },
            "require-dev": {
                "phpunit/phpunit": "^5.7"
            },
            "default-branch": true,
            "type": "library",
            "autoload": {
                "psr-4": {
                    "Pilulka\\Mysql2Sqlite\\": "src/"
                }
            },
            "notification-url": "https://packagist.org/downloads/",
            "license": [
                "MIT"
            ],
            "authors": [
                {
                    "name": "Martin Krizan",
                    "email": "mnohosten@gmail.com"
                }
            ],
            "description": "Pilulka MySQL2Sqlite converts schema between MySQL and SQLite.",
            "support": {
                "issues": "https://github.com/PilulkaDistribuce/mysql2sqlite/issues",
                "source": "https://github.com/PilulkaDistribuce/mysql2sqlite/tree/master"
            },
            "time": "2017-01-24T14:24:04+00:00"
        }
    ],
    "packages-dev": [],
    "aliases": [],
    "minimum-stability": "dev",
    "stability-flags": {
        "pilulka/mysql2sqlite": 20
    },
    "prefer-stable": false,
    "prefer-lowest": false,
    "platform": [],
    "platform-dev": [],
    "plugin-api-version": "2.3.0"
}
